
Microsoft Visual Studio Solution File, Format Version 12.00
# Visual Studio Version 16
VisualStudioVersion = 16.0.29911.84
MinimumVisualStudioVersion = 10.0.40219.1
Project("{FAE04EC0-301F-11D3-BF4B-00C04F79EFBC}") = "HW28_ASPNET_CORE_POSTMAN", "HW28_ASPNET_CORE_POSTMAN\HW28_ASPNET_CORE_POSTMAN.csproj", "{D8F32845-AD7E-4F39-9D26-8072346EE097}"
EndProject
Global
	GlobalSection(SolutionConfigurationPlatforms) = preSolution
		Debug|Any CPU = Debug|Any CPU
		Release|Any CPU = Release|Any CPU
	EndGlobalSection
	GlobalSection(ProjectConfigurationPlatforms) = postSolution
		{D8F32845-AD7E-4F39-9D26-8072346EE097}.Debug|Any CPU.ActiveCfg = Debug|Any CPU
		{D8F32845-AD7E-4F39-9D26-8072346EE097}.Debug|Any CPU.Build.0 = Debug|Any CPU
		{D8F32845-AD7E-4F39-9D26-8072346EE097}.Release|Any CPU.ActiveCfg = Release|Any CPU
		{D8F32845-AD7E-4F39-9D26-8072346EE097}.Release|Any CPU.Build.0 = Release|Any CPU
	EndGlobalSection
	GlobalSection(SolutionProperties) = preSolution
		HideSolutionNode = FALSE
	EndGlobalSection
	GlobalSection(ExtensibilityGlobals) = postSolution
		SolutionGuid = {6E6EC1C8-4651-4E7E-A924-52EEBD0371B1}
	EndGlobalSection
EndGlobal
